// !$*UTF8*$!
{
	archiveVersion = 1;
	classes = {
	};
	objectVersion = 50;
	objects = {

/* Begin PBXBuildFile section */
		782FC3C1263FBB8500D9219B /* RestListViewModel.swift in Sources */ = {isa = PBXBuildFile; fileRef = 78C9B7D02637F88F00C378CB /* RestListViewModel.swift */; };
		782FC3E3264000C200D9219B /* NavTitle.swift in Sources */ = {isa = PBXBuildFile; fileRef = 782FC3E2264000C200D9219B /* NavTitle.swift */; };
		78AB38D12647F94B003D60BF /* EateriesCoreDataApp.swift in Sources */ = {isa = PBXBuildFile; fileRef = 78AB38D02647F94B003D60BF /* EateriesCoreDataApp.swift */; };
		78AB38D32647F94B003D60BF /* ContentView.swift in Sources */ = {isa = PBXBuildFile; fileRef = 78AB38D22647F94B003D60BF /* ContentView.swift */; };
		78AB38D52647F94C003D60BF /* Assets.xcassets in Resources */ = {isa = PBXBuildFile; fileRef = 78AB38D42647F94C003D60BF /* Assets.xcassets */; };
		78AB38D82647F94C003D60BF /* Preview Assets.xcassets in Resources */ = {isa = PBXBuildFile; fileRef = 78AB38D72647F94C003D60BF /* Preview Assets.xcassets */; };
		78AB38DA2647F94C003D60BF /* Persistence.swift in Sources */ = {isa = PBXBuildFile; fileRef = 78AB38D92647F94C003D60BF /* Persistence.swift */; };
		78AB38DD2647F94C003D60BF /* EateriesCoreData.xcdatamodeld in Sources */ = {isa = PBXBuildFile; fileRef = 78AB38DB2647F94C003D60BF /* EateriesCoreData.xcdatamodeld */; };
		78AB38E82647F94C003D60BF /* EateriesCoreDataTests.swift in Sources */ = {isa = PBXBuildFile; fileRef = 78AB38E72647F94C003D60BF /* EateriesCoreDataTests.swift */; };
		78AB38F32647F94C003D60BF /* EateriesCoreDataUITests.swift in Sources */ = {isa = PBXBuildFile; fileRef = 78AB38F22647F94C003D60BF /* EateriesCoreDataUITests.swift */; };
		78AB39202647FF8A003D60BF /* MasterView.swift in Sources */ = {isa = PBXBuildFile; fileRef = 78AB391F2647FF8A003D60BF /* MasterView.swift */; };
		78AB39282647FF9E003D60BF /* DetailView.swift in Sources */ = {isa = PBXBuildFile; fileRef = 78AB39272647FF9E003D60BF /* DetailView.swift */; };
		78AB39BC2648303C003D60BF /* Restaurant+ViewModel.swift in Sources */ = {isa = PBXBuildFile; fileRef = 78AB39BB2648303C003D60BF /* Restaurant+ViewModel.swift */; };
		78AB39C42648306A003D60BF /* RestList+ViewModel.swift in Sources */ = {isa = PBXBuildFile; fileRef = 78AB39C326483069003D60BF /* RestList+ViewModel.swift */; };
		78AB39CC26483085003D60BF /* Review+ViewModel.swift in Sources */ = {isa = PBXBuildFile; fileRef = 78AB39CB26483085003D60BF /* Review+ViewModel.swift */; };
		78AB39D4264830A4003D60BF /* ReviewList+ViewModel.swift in Sources */ = {isa = PBXBuildFile; fileRef = 78AB39D3264830A4003D60BF /* ReviewList+ViewModel.swift */; };
		78C9B7842637F79900C378CB /* EateriesApp.swift in Sources */ = {isa = PBXBuildFile; fileRef = 78C9B7832637F79900C378CB /* EateriesApp.swift */; };
		78C9B7862637F79900C378CB /* ContentView.swift in Sources */ = {isa = PBXBuildFile; fileRef = 78C9B7852637F79900C378CB /* ContentView.swift */; };
		78C9B7882637F79A00C378CB /* Assets.xcassets in Resources */ = {isa = PBXBuildFile; fileRef = 78C9B7872637F79A00C378CB /* Assets.xcassets */; };
		78C9B78B2637F79A00C378CB /* Preview Assets.xcassets in Resources */ = {isa = PBXBuildFile; fileRef = 78C9B78A2637F79A00C378CB /* Preview Assets.xcassets */; };
		78C9B7962637F79B00C378CB /* EateriesTests.swift in Sources */ = {isa = PBXBuildFile; fileRef = 78C9B7952637F79B00C378CB /* EateriesTests.swift */; };
		78C9B7A12637F79B00C378CB /* EateriesUITests.swift in Sources */ = {isa = PBXBuildFile; fileRef = 78C9B7A02637F79B00C378CB /* EateriesUITests.swift */; };
		78C9B7B22637F7DA00C378CB /* MasterView.swift in Sources */ = {isa = PBXBuildFile; fileRef = 78C9B7B12637F7DA00C378CB /* MasterView.swift */; };
		78C9B7B72637F7F200C378CB /* DetailView.swift in Sources */ = {isa = PBXBuildFile; fileRef = 78C9B7B62637F7F200C378CB /* DetailView.swift */; };
		78C9B7BF2637F83400C378CB /* Restaurant.swift in Sources */ = {isa = PBXBuildFile; fileRef = 78C9B7BE2637F83400C378CB /* Restaurant.swift */; };
		78C9B7CC2637F87400C378CB /* RestViewModel.swift in Sources */ = {isa = PBXBuildFile; fileRef = 78C9B7CB2637F87400C378CB /* RestViewModel.swift */; };
		78C9B7D62637F8A500C378CB /* Review.swift in Sources */ = {isa = PBXBuildFile; fileRef = 78C9B7D52637F8A500C378CB /* Review.swift */; };
		78C9B7DB2637F8B800C378CB /* ReviewViewModel.swift in Sources */ = {isa = PBXBuildFile; fileRef = 78C9B7DA2637F8B800C378CB /* ReviewViewModel.swift */; };
/* End PBXBuildFile section */

/* Begin PBXContainerItemProxy section */
		78AB38E42647F94C003D60BF /* PBXContainerItemProxy */ = {
			isa = PBXContainerItemProxy;
			containerPortal = 78C9B7782637F79900C378CB /* Project object */;
			proxyType = 1;
			remoteGlobalIDString = 78AB38CD2647F94B003D60BF;
			remoteInfo = EateriesCoreData;
		};
		78AB38EF2647F94C003D60BF /* PBXContainerItemProxy */ = {
			isa = PBXContainerItemProxy;
			containerPortal = 78C9B7782637F79900C378CB /* Project object */;
			proxyType = 1;
			remoteGlobalIDString = 78AB38CD2647F94B003D60BF;
			remoteInfo = EateriesCoreData;
		};
		78C9B7922637F79B00C378CB /* PBXContainerItemProxy */ = {
			isa = PBXContainerItemProxy;
			containerPortal = 78C9B7782637F79900C378CB /* Project object */;
			proxyType = 1;
			remoteGlobalIDString = 78C9B77F2637F79900C378CB;
			remoteInfo = Eateries;
		};
		78C9B79D2637F79B00C378CB /* PBXContainerItemProxy */ = {
			isa = PBXContainerItemProxy;
			containerPortal = 78C9B7782637F79900C378CB /* Project object */;
			proxyType = 1;
			remoteGlobalIDString = 78C9B77F2637F79900C378CB;
			remoteInfo = Eateries;
		};
/* End PBXContainerItemProxy section */

/* Begin PBXFileReference section */
		7807F353264BCEB9000EF2C2 /* ReviewList+CoreDataClass.swift */ = {isa = PBXFileReference; lastKnownFileType = sourcecode.swift; path = "ReviewList+CoreDataClass.swift"; sourceTree = "<group>"; };
		7807F354264BCEB9000EF2C2 /* Review+CoreDataClass.swift */ = {isa = PBXFileReference; lastKnownFileType = sourcecode.swift; path = "Review+CoreDataClass.swift"; sourceTree = "<group>"; };
		7807F355264BCEB9000EF2C2 /* Restaurant+CoreDataProperties.swift */ = {isa = PBXFileReference; lastKnownFileType = sourcecode.swift; path = "Restaurant+CoreDataProperties.swift"; sourceTree = "<group>"; };
		7807F356264BCEB9000EF2C2 /* Restaurant+CoreDataClass.swift */ = {isa = PBXFileReference; lastKnownFileType = sourcecode.swift; path = "Restaurant+CoreDataClass.swift"; sourceTree = "<group>"; };
		7807F357264BCEB9000EF2C2 /* ReviewList+CoreDataProperties.swift */ = {isa = PBXFileReference; lastKnownFileType = sourcecode.swift; path = "ReviewList+CoreDataProperties.swift"; sourceTree = "<group>"; };
		7807F358264BCEB9000EF2C2 /* RestaurantList+CoreDataProperties.swift */ = {isa = PBXFileReference; lastKnownFileType = sourcecode.swift; path = "RestaurantList+CoreDataProperties.swift"; sourceTree = "<group>"; };
		7807F359264BCEB9000EF2C2 /* RestaurantList+CoreDataClass.swift */ = {isa = PBXFileReference; lastKnownFileType = sourcecode.swift; path = "RestaurantList+CoreDataClass.swift"; sourceTree = "<group>"; };
		7807F35A264BCEB9000EF2C2 /* Review+CoreDataProperties.swift */ = {isa = PBXFileReference; lastKnownFileType = sourcecode.swift; path = "Review+CoreDataProperties.swift"; sourceTree = "<group>"; };
		782FC3E2264000C200D9219B /* NavTitle.swift */ = {isa = PBXFileReference; lastKnownFileType = sourcecode.swift; path = NavTitle.swift; sourceTree = "<group>"; };
		78AB38CE2647F94B003D60BF /* EateriesCoreData.app */ = {isa = PBXFileReference; explicitFileType = wrapper.application; includeInIndex = 0; path = EateriesCoreData.app; sourceTree = BUILT_PRODUCTS_DIR; };
		78AB38D02647F94B003D60BF /* EateriesCoreDataApp.swift */ = {isa = PBXFileReference; lastKnownFileType = sourcecode.swift; path = EateriesCoreDataApp.swift; sourceTree = "<group>"; };
		78AB38D22647F94B003D60BF /* ContentView.swift */ = {isa = PBXFileReference; lastKnownFileType = sourcecode.swift; path = ContentView.swift; sourceTree = "<group>"; };
		78AB38D42647F94C003D60BF /* Assets.xcassets */ = {isa = PBXFileReference; lastKnownFileType = folder.assetcatalog; path = Assets.xcassets; sourceTree = "<group>"; };
		78AB38D72647F94C003D60BF /* Preview Assets.xcassets */ = {isa = PBXFileReference; lastKnownFileType = folder.assetcatalog; path = "Preview Assets.xcassets"; sourceTree = "<group>"; };
		78AB38D92647F94C003D60BF /* Persistence.swift */ = {isa = PBXFileReference; lastKnownFileType = sourcecode.swift; path = Persistence.swift; sourceTree = "<group>"; };
		78AB38DC2647F94C003D60BF /* EateriesCoreData.xcdatamodel */ = {isa = PBXFileReference; lastKnownFileType = wrapper.xcdatamodel; path = EateriesCoreData.xcdatamodel; sourceTree = "<group>"; };
		78AB38DE2647F94C003D60BF /* Info.plist */ = {isa = PBXFileReference; lastKnownFileType = text.plist.xml; path = Info.plist; sourceTree = "<group>"; };
		78AB38E32647F94C003D60BF /* EateriesCoreDataTests.xctest */ = {isa = PBXFileReference; explicitFileType = wrapper.cfbundle; includeInIndex = 0; path = EateriesCoreDataTests.xctest; sourceTree = BUILT_PRODUCTS_DIR; };
		78AB38E72647F94C003D60BF /* EateriesCoreDataTests.swift */ = {isa = PBXFileReference; lastKnownFileType = sourcecode.swift; path = EateriesCoreDataTests.swift; sourceTree = "<group>"; };
		78AB38E92647F94C003D60BF /* Info.plist */ = {isa = PBXFileReference; lastKnownFileType = text.plist.xml; path = Info.plist; sourceTree = "<group>"; };
		78AB38EE2647F94C003D60BF /* EateriesCoreDataUITests.xctest */ = {isa = PBXFileReference; explicitFileType = wrapper.cfbundle; includeInIndex = 0; path = EateriesCoreDataUITests.xctest; sourceTree = BUILT_PRODUCTS_DIR; };
		78AB38F22647F94C003D60BF /* EateriesCoreDataUITests.swift */ = {isa = PBXFileReference; lastKnownFileType = sourcecode.swift; path = EateriesCoreDataUITests.swift; sourceTree = "<group>"; };
		78AB38F42647F94C003D60BF /* Info.plist */ = {isa = PBXFileReference; lastKnownFileType = text.plist.xml; path = Info.plist; sourceTree = "<group>"; };
		78AB391F2647FF8A003D60BF /* MasterView.swift */ = {isa = PBXFileReference; lastKnownFileType = sourcecode.swift; path = MasterView.swift; sourceTree = "<group>"; };
		78AB39272647FF9E003D60BF /* DetailView.swift */ = {isa = PBXFileReference; lastKnownFileType = sourcecode.swift; path = DetailView.swift; sourceTree = "<group>"; };
		78AB39BB2648303C003D60BF /* Restaurant+ViewModel.swift */ = {isa = PBXFileReference; lastKnownFileType = sourcecode.swift; path = "Restaurant+ViewModel.swift"; sourceTree = "<group>"; };
		78AB39C326483069003D60BF /* RestList+ViewModel.swift */ = {isa = PBXFileReference; lastKnownFileType = sourcecode.swift; path = "RestList+ViewModel.swift"; sourceTree = "<group>"; };
		78AB39CB26483085003D60BF /* Review+ViewModel.swift */ = {isa = PBXFileReference; lastKnownFileType = sourcecode.swift; path = "Review+ViewModel.swift"; sourceTree = "<group>"; };
		78AB39D3264830A4003D60BF /* ReviewList+ViewModel.swift */ = {isa = PBXFileReference; lastKnownFileType = sourcecode.swift; path = "ReviewList+ViewModel.swift"; sourceTree = "<group>"; };
		78C9B7802637F79900C378CB /* Eateries.app */ = {isa = PBXFileReference; explicitFileType = wrapper.application; includeInIndex = 0; path = Eateries.app; sourceTree = BUILT_PRODUCTS_DIR; };
		78C9B7832637F79900C378CB /* EateriesApp.swift */ = {isa = PBXFileReference; lastKnownFileType = sourcecode.swift; path = EateriesApp.swift; sourceTree = "<group>"; };
		78C9B7852637F79900C378CB /* ContentView.swift */ = {isa = PBXFileReference; lastKnownFileType = sourcecode.swift; path = ContentView.swift; sourceTree = "<group>"; };
		78C9B7872637F79A00C378CB /* Assets.xcassets */ = {isa = PBXFileReference; lastKnownFileType = folder.assetcatalog; path = Assets.xcassets; sourceTree = "<group>"; };
		78C9B78A2637F79A00C378CB /* Preview Assets.xcassets */ = {isa = PBXFileReference; lastKnownFileType = folder.assetcatalog; path = "Preview Assets.xcassets"; sourceTree = "<group>"; };
		78C9B78C2637F79B00C378CB /* Info.plist */ = {isa = PBXFileReference; lastKnownFileType = text.plist.xml; path = Info.plist; sourceTree = "<group>"; };
		78C9B7912637F79B00C378CB /* EateriesTests.xctest */ = {isa = PBXFileReference; explicitFileType = wrapper.cfbundle; includeInIndex = 0; path = EateriesTests.xctest; sourceTree = BUILT_PRODUCTS_DIR; };
		78C9B7952637F79B00C378CB /* EateriesTests.swift */ = {isa = PBXFileReference; lastKnownFileType = sourcecode.swift; path = EateriesTests.swift; sourceTree = "<group>"; };
		78C9B7972637F79B00C378CB /* Info.plist */ = {isa = PBXFileReference; lastKnownFileType = text.plist.xml; path = Info.plist; sourceTree = "<group>"; };
		78C9B79C2637F79B00C378CB /* EateriesUITests.xctest */ = {isa = PBXFileReference; explicitFileType = wrapper.cfbundle; includeInIndex = 0; path = EateriesUITests.xctest; sourceTree = BUILT_PRODUCTS_DIR; };
		78C9B7A02637F79B00C378CB /* EateriesUITests.swift */ = {isa = PBXFileReference; lastKnownFileType = sourcecode.swift; path = EateriesUITests.swift; sourceTree = "<group>"; };
		78C9B7A22637F79B00C378CB /* Info.plist */ = {isa = PBXFileReference; lastKnownFileType = text.plist.xml; path = Info.plist; sourceTree = "<group>"; };
		78C9B7B12637F7DA00C378CB /* MasterView.swift */ = {isa = PBXFileReference; lastKnownFileType = sourcecode.swift; path = MasterView.swift; sourceTree = "<group>"; };
		78C9B7B62637F7F200C378CB /* DetailView.swift */ = {isa = PBXFileReference; lastKnownFileType = sourcecode.swift; path = DetailView.swift; sourceTree = "<group>"; };
		78C9B7BE2637F83400C378CB /* Restaurant.swift */ = {isa = PBXFileReference; lastKnownFileType = sourcecode.swift; path = Restaurant.swift; sourceTree = "<group>"; };
		78C9B7CB2637F87400C378CB /* RestViewModel.swift */ = {isa = PBXFileReference; lastKnownFileType = sourcecode.swift; path = RestViewModel.swift; sourceTree = "<group>"; };
		78C9B7D02637F88F00C378CB /* RestListViewModel.swift */ = {isa = PBXFileReference; lastKnownFileType = sourcecode.swift; path = RestListViewModel.swift; sourceTree = "<group>"; };
		78C9B7D52637F8A500C378CB /* Review.swift */ = {isa = PBXFileReference; lastKnownFileType = sourcecode.swift; path = Review.swift; sourceTree = "<group>"; };
		78C9B7DA2637F8B800C378CB /* ReviewViewModel.swift */ = {isa = PBXFileReference; lastKnownFileType = sourcecode.swift; path = ReviewViewModel.swift; sourceTree = "<group>"; };
/* End PBXFileReference section */

/* Begin PBXFrameworksBuildPhase section */
		78AB38CB2647F94B003D60BF /* Frameworks */ = {
			isa = PBXFrameworksBuildPhase;
			buildActionMask = 2147483647;
			files = (
			);
			runOnlyForDeploymentPostprocessing = 0;
		};
		78AB38E02647F94C003D60BF /* Frameworks */ = {
			isa = PBXFrameworksBuildPhase;
			buildActionMask = 2147483647;
			files = (
			);
			runOnlyForDeploymentPostprocessing = 0;
		};
		78AB38EB2647F94C003D60BF /* Frameworks */ = {
			isa = PBXFrameworksBuildPhase;
			buildActionMask = 2147483647;
			files = (
			);
			runOnlyForDeploymentPostprocessing = 0;
		};
		78C9B77D2637F79900C378CB /* Frameworks */ = {
			isa = PBXFrameworksBuildPhase;
			buildActionMask = 2147483647;
			files = (
			);
			runOnlyForDeploymentPostprocessing = 0;
		};
		78C9B78E2637F79B00C378CB /* Frameworks */ = {
			isa = PBXFrameworksBuildPhase;
			buildActionMask = 2147483647;
			files = (
			);
			runOnlyForDeploymentPostprocessing = 0;
		};
		78C9B7992637F79B00C378CB /* Frameworks */ = {
			isa = PBXFrameworksBuildPhase;
			buildActionMask = 2147483647;
			files = (
			);
			runOnlyForDeploymentPostprocessing = 0;
		};
/* End PBXFrameworksBuildPhase section */

/* Begin PBXGroup section */
		7807F352264BCEB9000EF2C2 /* GeneratedCode */ = {
			isa = PBXGroup;
			children = (
				7807F353264BCEB9000EF2C2 /* ReviewList+CoreDataClass.swift */,
				7807F354264BCEB9000EF2C2 /* Review+CoreDataClass.swift */,
				7807F355264BCEB9000EF2C2 /* Restaurant+CoreDataProperties.swift */,
				7807F356264BCEB9000EF2C2 /* Restaurant+CoreDataClass.swift */,
				7807F357264BCEB9000EF2C2 /* ReviewList+CoreDataProperties.swift */,
				7807F358264BCEB9000EF2C2 /* RestaurantList+CoreDataProperties.swift */,
				7807F359264BCEB9000EF2C2 /* RestaurantList+CoreDataClass.swift */,
				7807F35A264BCEB9000EF2C2 /* Review+CoreDataProperties.swift */,
			);
			path = GeneratedCode;
			sourceTree = "<group>";
		};
		78AB38CF2647F94B003D60BF /* EateriesCoreData */ = {
			isa = PBXGroup;
			children = (
				7807F352264BCEB9000EF2C2 /* GeneratedCode */,
				78AB38D02647F94B003D60BF /* EateriesCoreDataApp.swift */,
				78AB38D22647F94B003D60BF /* ContentView.swift */,
				78AB39BB2648303C003D60BF /* Restaurant+ViewModel.swift */,
				78AB39C326483069003D60BF /* RestList+ViewModel.swift */,
				78AB39CB26483085003D60BF /* Review+ViewModel.swift */,
				78AB39D3264830A4003D60BF /* ReviewList+ViewModel.swift */,
				78AB391F2647FF8A003D60BF /* MasterView.swift */,
				78AB39272647FF9E003D60BF /* DetailView.swift */,
				78AB38D42647F94C003D60BF /* Assets.xcassets */,
				78AB38D92647F94C003D60BF /* Persistence.swift */,
				78AB38DE2647F94C003D60BF /* Info.plist */,
				78AB38DB2647F94C003D60BF /* EateriesCoreData.xcdatamodeld */,
				78AB38D62647F94C003D60BF /* Preview Content */,
			);
			path = EateriesCoreData;
			sourceTree = "<group>";
		};
		78AB38D62647F94C003D60BF /* Preview Content */ = {
			isa = PBXGroup;
			children = (
				78AB38D72647F94C003D60BF /* Preview Assets.xcassets */,
			);
			path = "Preview Content";
			sourceTree = "<group>";
		};
		78AB38E62647F94C003D60BF /* EateriesCoreDataTests */ = {
			isa = PBXGroup;
			children = (
				78AB38E72647F94C003D60BF /* EateriesCoreDataTests.swift */,
				78AB38E92647F94C003D60BF /* Info.plist */,
			);
			path = EateriesCoreDataTests;
			sourceTree = "<group>";
		};
		78AB38F12647F94C003D60BF /* EateriesCoreDataUITests */ = {
			isa = PBXGroup;
			children = (
				78AB38F22647F94C003D60BF /* EateriesCoreDataUITests.swift */,
				78AB38F42647F94C003D60BF /* Info.plist */,
			);
			path = EateriesCoreDataUITests;
			sourceTree = "<group>";
		};
		78C9B7772637F79900C378CB = {
			isa = PBXGroup;
			children = (
				78C9B7822637F79900C378CB /* Eateries */,
				78C9B7942637F79B00C378CB /* EateriesTests */,
				78C9B79F2637F79B00C378CB /* EateriesUITests */,
				78AB38CF2647F94B003D60BF /* EateriesCoreData */,
				78AB38E62647F94C003D60BF /* EateriesCoreDataTests */,
				78AB38F12647F94C003D60BF /* EateriesCoreDataUITests */,
				78C9B7812637F79900C378CB /* Products */,
			);
			sourceTree = "<group>";
		};
		78C9B7812637F79900C378CB /* Products */ = {
			isa = PBXGroup;
			children = (
				78C9B7802637F79900C378CB /* Eateries.app */,
				78C9B7912637F79B00C378CB /* EateriesTests.xctest */,
				78C9B79C2637F79B00C378CB /* EateriesUITests.xctest */,
				78AB38CE2647F94B003D60BF /* EateriesCoreData.app */,
				78AB38E32647F94C003D60BF /* EateriesCoreDataTests.xctest */,
				78AB38EE2647F94C003D60BF /* EateriesCoreDataUITests.xctest */,
			);
			name = Products;
			sourceTree = "<group>";
		};
		78C9B7822637F79900C378CB /* Eateries */ = {
			isa = PBXGroup;
			children = (
				78C9B7BE2637F83400C378CB /* Restaurant.swift */,
				78C9B7CB2637F87400C378CB /* RestViewModel.swift */,
				78C9B7D02637F88F00C378CB /* RestListViewModel.swift */,
				78C9B7D52637F8A500C378CB /* Review.swift */,
				78C9B7DA2637F8B800C378CB /* ReviewViewModel.swift */,
				782FC3E2264000C200D9219B /* NavTitle.swift */,
				78C9B7832637F79900C378CB /* EateriesApp.swift */,
				78C9B7852637F79900C378CB /* ContentView.swift */,
				78C9B7B12637F7DA00C378CB /* MasterView.swift */,
				78C9B7B62637F7F200C378CB /* DetailView.swift */,
				78C9B7872637F79A00C378CB /* Assets.xcassets */,
				78C9B78C2637F79B00C378CB /* Info.plist */,
				78C9B7892637F79A00C378CB /* Preview Content */,
			);
			path = Eateries;
			sourceTree = "<group>";
		};
		78C9B7892637F79A00C378CB /* Preview Content */ = {
			isa = PBXGroup;
			children = (
				78C9B78A2637F79A00C378CB /* Preview Assets.xcassets */,
			);
			path = "Preview Content";
			sourceTree = "<group>";
		};
		78C9B7942637F79B00C378CB /* EateriesTests */ = {
			isa = PBXGroup;
			children = (
				78C9B7952637F79B00C378CB /* EateriesTests.swift */,
				78C9B7972637F79B00C378CB /* Info.plist */,
			);
			path = EateriesTests;
			sourceTree = "<group>";
		};
		78C9B79F2637F79B00C378CB /* EateriesUITests */ = {
			isa = PBXGroup;
			children = (
				78C9B7A02637F79B00C378CB /* EateriesUITests.swift */,
				78C9B7A22637F79B00C378CB /* Info.plist */,
			);
			path = EateriesUITests;
			sourceTree = "<group>";
		};
/* End PBXGroup section */

/* Begin PBXNativeTarget section */
		78AB38CD2647F94B003D60BF /* EateriesCoreData */ = {
			isa = PBXNativeTarget;
			buildConfigurationList = 78AB38FB2647F94C003D60BF /* Build configuration list for PBXNativeTarget "EateriesCoreData" */;
			buildPhases = (
				78AB38CA2647F94B003D60BF /* Sources */,
				78AB38CB2647F94B003D60BF /* Frameworks */,
				78AB38CC2647F94B003D60BF /* Resources */,
			);
			buildRules = (
			);
			dependencies = (
			);
			name = EateriesCoreData;
			productName = EateriesCoreData;
			productReference = 78AB38CE2647F94B003D60BF /* EateriesCoreData.app */;
			productType = "com.apple.product-type.application";
		};
		78AB38E22647F94C003D60BF /* EateriesCoreDataTests */ = {
			isa = PBXNativeTarget;
			buildConfigurationList = 78AB38FC2647F94C003D60BF /* Build configuration list for PBXNativeTarget "EateriesCoreDataTests" */;
			buildPhases = (
				78AB38DF2647F94C003D60BF /* Sources */,
				78AB38E02647F94C003D60BF /* Frameworks */,
				78AB38E12647F94C003D60BF /* Resources */,
			);
			buildRules = (
			);
			dependencies = (
				78AB38E52647F94C003D60BF /* PBXTargetDependency */,
			);
			name = EateriesCoreDataTests;
			productName = EateriesCoreDataTests;
			productReference = 78AB38E32647F94C003D60BF /* EateriesCoreDataTests.xctest */;
			productType = "com.apple.product-type.bundle.unit-test";
		};
		78AB38ED2647F94C003D60BF /* EateriesCoreDataUITests */ = {
			isa = PBXNativeTarget;
			buildConfigurationList = 78AB38FD2647F94C003D60BF /* Build configuration list for PBXNativeTarget "EateriesCoreDataUITests" */;
			buildPhases = (
				78AB38EA2647F94C003D60BF /* Sources */,
				78AB38EB2647F94C003D60BF /* Frameworks */,
				78AB38EC2647F94C003D60BF /* Resources */,
			);
			buildRules = (
			);
			dependencies = (
				78AB38F02647F94C003D60BF /* PBXTargetDependency */,
			);
			name = EateriesCoreDataUITests;
			productName = EateriesCoreDataUITests;
			productReference = 78AB38EE2647F94C003D60BF /* EateriesCoreDataUITests.xctest */;
			productType = "com.apple.product-type.bundle.ui-testing";
		};
		78C9B77F2637F79900C378CB /* Eateries */ = {
			isa = PBXNativeTarget;
			buildConfigurationList = 78C9B7A52637F79B00C378CB /* Build configuration list for PBXNativeTarget "Eateries" */;
			buildPhases = (
				78C9B77C2637F79900C378CB /* Sources */,
				78C9B77D2637F79900C378CB /* Frameworks */,
				78C9B77E2637F79900C378CB /* Resources */,
			);
			buildRules = (
			);
			dependencies = (
			);
			name = Eateries;
			productName = Eateries;
			productReference = 78C9B7802637F79900C378CB /* Eateries.app */;
			productType = "com.apple.product-type.application";
		};
		78C9B7902637F79B00C378CB /* EateriesTests */ = {
			isa = PBXNativeTarget;
			buildConfigurationList = 78C9B7A82637F79B00C378CB /* Build configuration list for PBXNativeTarget "EateriesTests" */;
			buildPhases = (
				78C9B78D2637F79B00C378CB /* Sources */,
				78C9B78E2637F79B00C378CB /* Frameworks */,
				78C9B78F2637F79B00C378CB /* Resources */,
			);
			buildRules = (
			);
			dependencies = (
				78C9B7932637F79B00C378CB /* PBXTargetDependency */,
			);
			name = EateriesTests;
			productName = EateriesTests;
			productReference = 78C9B7912637F79B00C378CB /* EateriesTests.xctest */;
			productType = "com.apple.product-type.bundle.unit-test";
		};
		78C9B79B2637F79B00C378CB /* EateriesUITests */ = {
			isa = PBXNativeTarget;
			buildConfigurationList = 78C9B7AB2637F79B00C378CB /* Build configuration list for PBXNativeTarget "EateriesUITests" */;
			buildPhases = (
				78C9B7982637F79B00C378CB /* Sources */,
				78C9B7992637F79B00C378CB /* Frameworks */,
				78C9B79A2637F79B00C378CB /* Resources */,
			);
			buildRules = (
			);
			dependencies = (
				78C9B79E2637F79B00C378CB /* PBXTargetDependency */,
			);
			name = EateriesUITests;
			productName = EateriesUITests;
			productReference = 78C9B79C2637F79B00C378CB /* EateriesUITests.xctest */;
			productType = "com.apple.product-type.bundle.ui-testing";
		};
/* End PBXNativeTarget section */

/* Begin PBXProject section */
		78C9B7782637F79900C378CB /* Project object */ = {
			isa = PBXProject;
			attributes = {
				LastSwiftUpdateCheck = 1240;
				LastUpgradeCheck = 1240;
				TargetAttributes = {
					78AB38CD2647F94B003D60BF = {
						CreatedOnToolsVersion = 12.4;
					};
					78AB38E22647F94C003D60BF = {
						CreatedOnToolsVersion = 12.4;
						TestTargetID = 78AB38CD2647F94B003D60BF;
					};
					78AB38ED2647F94C003D60BF = {
						CreatedOnToolsVersion = 12.4;
						TestTargetID = 78AB38CD2647F94B003D60BF;
					};
					78C9B77F2637F79900C378CB = {
						CreatedOnToolsVersion = 12.4;
					};
					78C9B7902637F79B00C378CB = {
						CreatedOnToolsVersion = 12.4;
						TestTargetID = 78C9B77F2637F79900C378CB;
					};
					78C9B79B2637F79B00C378CB = {
						CreatedOnToolsVersion = 12.4;
						TestTargetID = 78C9B77F2637F79900C378CB;
					};
				};
			};
			buildConfigurationList = 78C9B77B2637F79900C378CB /* Build configuration list for PBXProject "Eateries" */;
			compatibilityVersion = "Xcode 9.3";
			developmentRegion = en;
			hasScannedForEncodings = 0;
			knownRegions = (
				en,
				Base,
			);
			mainGroup = 78C9B7772637F79900C378CB;
			productRefGroup = 78C9B7812637F79900C378CB /* Products */;
			projectDirPath = "";
			projectRoot = "";
			targets = (
				78C9B77F2637F79900C378CB /* Eateries */,
				78C9B7902637F79B00C378CB /* EateriesTests */,
				78C9B79B2637F79B00C378CB /* EateriesUITests */,
				78AB38CD2647F94B003D60BF /* EateriesCoreData */,
				78AB38E22647F94C003D60BF /* EateriesCoreDataTests */,
				78AB38ED2647F94C003D60BF /* EateriesCoreDataUITests */,
			);
		};
/* End PBXProject section */

/* Begin PBXResourcesBuildPhase section */
		78AB38CC2647F94B003D60BF /* Resources */ = {
			isa = PBXResourcesBuildPhase;
			buildActionMask = 2147483647;
			files = (
				78AB38D82647F94C003D60BF /* Preview Assets.xcassets in Resources */,
				78AB38D52647F94C003D60BF /* Assets.xcassets in Resources */,
			);
			runOnlyForDeploymentPostprocessing = 0;
		};
		78AB38E12647F94C003D60BF /* Resources */ = {
			isa = PBXResourcesBuildPhase;
			buildActionMask = 2147483647;
			files = (
			);
			runOnlyForDeploymentPostprocessing = 0;
		};
		78AB38EC2647F94C003D60BF /* Resources */ = {
			isa = PBXResourcesBuildPhase;
			buildActionMask = 2147483647;
			files = (
			);
			runOnlyForDeploymentPostprocessing = 0;
		};
		78C9B77E2637F79900C378CB /* Resources */ = {
			isa = PBXResourcesBuildPhase;
			buildActionMask = 2147483647;
			files = (
				78C9B78B2637F79A00C378CB /* Preview Assets.xcassets in Resources */,
				78C9B7882637F79A00C378CB /* Assets.xcassets in Resources */,
			);
			runOnlyForDeploymentPostprocessing = 0;
		};
		78C9B78F2637F79B00C378CB /* Resources */ = {
			isa = PBXResourcesBuildPhase;
			buildActionMask = 2147483647;
			files = (
			);
			runOnlyForDeploymentPostprocessing = 0;
		};
		78C9B79A2637F79B00C378CB /* Resources */ = {
			isa = PBXResourcesBuildPhase;
			buildActionMask = 2147483647;
			files = (
			);
			runOnlyForDeploymentPostprocessing = 0;
		};
/* End PBXResourcesBuildPhase section */

/* Begin PBXSourcesBuildPhase section */
		78AB38CA2647F94B003D60BF /* Sources */ = {
			isa = PBXSourcesBuildPhase;
			buildActionMask = 2147483647;
			files = (
				78AB38DA2647F94C003D60BF /* Persistence.swift in Sources */,
				78AB39282647FF9E003D60BF /* DetailView.swift in Sources */,
				78AB39D4264830A4003D60BF /* ReviewList+ViewModel.swift in Sources */,
				78AB39202647FF8A003D60BF /* MasterView.swift in Sources */,
				78AB38D32647F94B003D60BF /* ContentView.swift in Sources */,
				78AB39C42648306A003D60BF /* RestList+ViewModel.swift in Sources */,
				78AB38DD2647F94C003D60BF /* EateriesCoreData.xcdatamodeld in Sources */,
				78AB39BC2648303C003D60BF /* Restaurant+ViewModel.swift in Sources */,
				78AB39CC26483085003D60BF /* Review+ViewModel.swift in Sources */,
				78AB38D12647F94B003D60BF /* EateriesCoreDataApp.swift in Sources */,
			);
			runOnlyForDeploymentPostprocessing = 0;
		};
		78AB38DF2647F94C003D60BF /* Sources */ = {
			isa = PBXSourcesBuildPhase;
			buildActionMask = 2147483647;
			files = (
				78AB38E82647F94C003D60BF /* EateriesCoreDataTests.swift in Sources */,
			);
			runOnlyForDeploymentPostprocessing = 0;
		};
		78AB38EA2647F94C003D60BF /* Sources */ = {
			isa = PBXSourcesBuildPhase;
			buildActionMask = 2147483647;
			files = (
				78AB38F32647F94C003D60BF /* EateriesCoreDataUITests.swift in Sources */,
			);
			runOnlyForDeploymentPostprocessing = 0;
		};
		78C9B77C2637F79900C378CB /* Sources */ = {
			isa = PBXSourcesBuildPhase;
			buildActionMask = 2147483647;
			files = (
				78C9B7D62637F8A500C378CB /* Review.swift in Sources */,
				78C9B7CC2637F87400C378CB /* RestViewModel.swift in Sources */,
				782FC3E3264000C200D9219B /* NavTitle.swift in Sources */,
				782FC3C1263FBB8500D9219B /* RestListViewModel.swift in Sources */,
				78C9B7DB2637F8B800C378CB /* ReviewViewModel.swift in Sources */,
				78C9B7BF2637F83400C378CB /* Restaurant.swift in Sources */,
				78C9B7B22637F7DA00C378CB /* MasterView.swift in Sources */,
				78C9B7862637F79900C378CB /* ContentView.swift in Sources */,
				78C9B7842637F79900C378CB /* EateriesApp.swift in Sources */,
				78C9B7B72637F7F200C378CB /* DetailView.swift in Sources */,
			);
			runOnlyForDeploymentPostprocessing = 0;
		};
		78C9B78D2637F79B00C378CB /* Sources */ = {
			isa = PBXSourcesBuildPhase;
			buildActionMask = 2147483647;
			files = (
				78C9B7962637F79B00C378CB /* EateriesTests.swift in Sources */,
			);
			runOnlyForDeploymentPostprocessing = 0;
		};
		78C9B7982637F79B00C378CB /* Sources */ = {
			isa = PBXSourcesBuildPhase;
			buildActionMask = 2147483647;
			files = (
				78C9B7A12637F79B00C378CB /* EateriesUITests.swift in Sources */,
			);
			runOnlyForDeploymentPostprocessing = 0;
		};
/* End PBXSourcesBuildPhase section */

/* Begin PBXTargetDependency section */
		78AB38E52647F94C003D60BF /* PBXTargetDependency */ = {
			isa = PBXTargetDependency;
			target = 78AB38CD2647F94B003D60BF /* EateriesCoreData */;
			targetProxy = 78AB38E42647F94C003D60BF /* PBXContainerItemProxy */;
		};
		78AB38F02647F94C003D60BF /* PBXTargetDependency */ = {
			isa = PBXTargetDependency;
			target = 78AB38CD2647F94B003D60BF /* EateriesCoreData */;
			targetProxy = 78AB38EF2647F94C003D60BF /* PBXContainerItemProxy */;
		};
		78C9B7932637F79B00C378CB /* PBXTargetDependency */ = {
			isa = PBXTargetDependency;
			target = 78C9B77F2637F79900C378CB /* Eateries */;
			targetProxy = 78C9B7922637F79B00C378CB /* PBXContainerItemProxy */;
		};
		78C9B79E2637F79B00C378CB /* PBXTargetDependency */ = {
			isa = PBXTargetDependency;
			target = 78C9B77F2637F79900C378CB /* Eateries */;
			targetProxy = 78C9B79D2637F79B00C378CB /* PBXContainerItemProxy */;
		};
/* End PBXTargetDependency section */

/* Begin XCBuildConfiguration section */
		78AB38F52647F94C003D60BF /* Debug */ = {
			isa = XCBuildConfiguration;
			buildSettings = {
				ASSETCATALOG_COMPILER_APPICON_NAME = AppIcon;
				ASSETCATALOG_COMPILER_GLOBAL_ACCENT_COLOR_NAME = AccentColor;
				CODE_SIGN_STYLE = Automatic;
				DEVELOPMENT_ASSET_PATHS = "\"EateriesCoreData/Preview Content\"";
				ENABLE_PREVIEWS = YES;
				INFOPLIST_FILE = EateriesCoreData/Info.plist;
				IPHONEOS_DEPLOYMENT_TARGET = 14.0;
				LD_RUNPATH_SEARCH_PATHS = (
					"$(inherited)",
					"@executable_path/Frameworks",
				);
				PRODUCT_BUNDLE_IDENTIFIER = au.edu.griffith.ict.prog.EateriesCoreData;
				PRODUCT_NAME = "$(TARGET_NAME)";
				SWIFT_VERSION = 5.0;
				TARGETED_DEVICE_FAMILY = "1,2";
			};
			name = Debug;
		};
		78AB38F62647F94C003D60BF /* Release */ = {
			isa = XCBuildConfiguration;
			buildSettings = {
				ASSETCATALOG_COMPILER_APPICON_NAME = AppIcon;
				ASSETCATALOG_COMPILER_GLOBAL_ACCENT_COLOR_NAME = AccentColor;
				CODE_SIGN_STYLE = Automatic;
				DEVELOPMENT_ASSET_PATHS = "\"EateriesCoreData/Preview Content\"";
				ENABLE_PREVIEWS = YES;
				INFOPLIST_FILE = EateriesCoreData/Info.plist;
				IPHONEOS_DEPLOYMENT_TARGET = 14.0;
				LD_RUNPATH_SEARCH_PATHS = (
					"$(inherited)",
					"@executable_path/Frameworks",
				);
				PRODUCT_BUNDLE_IDENTIFIER = au.edu.griffith.ict.prog.EateriesCoreData;
				PRODUCT_NAME = "$(TARGET_NAME)";
				SWIFT_VERSION = 5.0;
				TARGETED_DEVICE_FAMILY = "1,2";
			};
			name = Release;
		};
		78AB38F72647F94C003D60BF /* Debug */ = {
			isa = XCBuildConfiguration;
			buildSettings = {
				ALWAYS_EMBED_SWIFT_STANDARD_LIBRARIES = YES;
				BUNDLE_LOADER = "$(TEST_HOST)";
				CODE_SIGN_STYLE = Automatic;
				INFOPLIST_FILE = EateriesCoreDataTests/Info.plist;
				IPHONEOS_DEPLOYMENT_TARGET = 14.0;
				LD_RUNPATH_SEARCH_PATHS = (
					"$(inherited)",
					"@executable_path/Frameworks",
					"@loader_path/Frameworks",
				);
				PRODUCT_BUNDLE_IDENTIFIER = au.edu.griffith.ict.prog.EateriesCoreDataTests;
				PRODUCT_NAME = "$(TARGET_NAME)";
				SWIFT_VERSION = 5.0;
				TARGETED_DEVICE_FAMILY = "1,2";
				TEST_HOST = "$(BUILT_PRODUCTS_DIR)/EateriesCoreData.app/EateriesCoreData";
			};
			name = Debug;
		};
		78AB38F82647F94C003D60BF /* Release */ = {
			isa = XCBuildConfiguration;
			buildSettings = {
				ALWAYS_EMBED_SWIFT_STANDARD_LIBRARIES = YES;
				BUNDLE_LOADER = "$(TEST_HOST)";
				CODE_SIGN_STYLE = Automatic;
				INFOPLIST_FILE = EateriesCoreDataTests/Info.plist;
				IPHONEOS_DEPLOYMENT_TARGET = 14.0;
				LD_RUNPATH_SEARCH_PATHS = (
					"$(inherited)",
					"@executable_path/Frameworks",
					"@loader_path/Frameworks",
				);
				PRODUCT_BUNDLE_IDENTIFIER = au.edu.griffith.ict.prog.EateriesCoreDataTests;
				PRODUCT_NAME = "$(TARGET_NAME)";
				SWIFT_VERSION = 5.0;
				TARGETED_DEVICE_FAMILY = "1,2";
				TEST_HOST = "$(BUILT_PRODUCTS_DIR)/EateriesCoreData.app/EateriesCoreData";
			};
			name = Release;
		};
		78AB38F92647F94C003D60BF /* Debug */ = {
			isa = XCBuildConfiguration;
			buildSettings = {
				ALWAYS_EMBED_SWIFT_STANDARD_LIBRARIES = YES;
				CODE_SIGN_STYLE = Automatic;
				INFOPLIST_FILE = EateriesCoreDataUITests/Info.plist;
				LD_RUNPATH_SEARCH_PATHS = (
					"$(inherited)",
					"@executable_path/Frameworks",
					"@loader_path/Frameworks",
				);
				PRODUCT_BUNDLE_IDENTIFIER = au.edu.griffith.ict.prog.EateriesCoreDataUITests;
				PRODUCT_NAME = "$(TARGET_NAME)";
				SWIFT_VERSION = 5.0;
				TARGETED_DEVICE_FAMILY = "1,2";
				TEST_TARGET_NAME = EateriesCoreData;
			};
			name = Debug;
		};
		78AB38FA2647F94C003D60BF /* Release */ = {
			isa = XCBuildConfiguration;
			buildSettings = {
				ALWAYS_EMBED_SWIFT_STANDARD_LIBRARIES = YES;
				CODE_SIGN_STYLE = Automatic;
				INFOPLIST_FILE = EateriesCoreDataUITests/Info.plist;
				LD_RUNPATH_SEARCH_PATHS = (
					"$(inherited)",
					"@executable_path/Frameworks",
					"@loader_path/Frameworks",
				);
				PRODUCT_BUNDLE_IDENTIFIER = au.edu.griffith.ict.prog.EateriesCoreDataUITests;
				PRODUCT_NAME = "$(TARGET_NAME)";
				SWIFT_VERSION = 5.0;
				TARGETED_DEVICE_FAMILY = "1,2";
				TEST_TARGET_NAME = EateriesCoreData;
			};
			name = Release;
		};
		78C9B7A32637F79B00C378CB /* Debug */ = {
			isa = XCBuildConfiguration;
			buildSettings = {
				ALWAYS_SEARCH_USER_PATHS = NO;
				CLANG_ANALYZER_NONNULL = YES;
				CLANG_ANALYZER_NUMBER_OBJECT_CONVERSION = YES_AGGRESSIVE;
				CLANG_CXX_LANGUAGE_STANDARD = "gnu++14";
				CLANG_CXX_LIBRARY = "libc++";
				CLANG_ENABLE_MODULES = YES;
				CLANG_ENABLE_OBJC_ARC = YES;
				CLANG_ENABLE_OBJC_WEAK = YES;
				CLANG_WARN_BLOCK_CAPTURE_AUTORELEASING = YES;
				CLANG_WARN_BOOL_CONVERSION = YES;
				CLANG_WARN_COMMA = YES;
				CLANG_WARN_CONSTANT_CONVERSION = YES;
				CLANG_WARN_DEPRECATED_OBJC_IMPLEMENTATIONS = YES;
				CLANG_WARN_DIRECT_OBJC_ISA_USAGE = YES_ERROR;
				CLANG_WARN_DOCUMENTATION_COMMENTS = YES;
				CLANG_WARN_EMPTY_BODY = YES;
				CLANG_WARN_ENUM_CONVERSION = YES;
				CLANG_WARN_INFINITE_RECURSION = YES;
				CLANG_WARN_INT_CONVERSION = YES;
				CLANG_WARN_NON_LITERAL_NULL_CONVERSION = YES;
				CLANG_WARN_OBJC_IMPLICIT_RETAIN_SELF = YES;
				CLANG_WARN_OBJC_LITERAL_CONVERSION = YES;
				CLANG_WARN_OBJC_ROOT_CLASS = YES_ERROR;
				CLANG_WARN_QUOTED_INCLUDE_IN_FRAMEWORK_HEADER = YES;
				CLANG_WARN_RANGE_LOOP_ANALYSIS = YES;
				CLANG_WARN_STRICT_PROTOTYPES = YES;
				CLANG_WARN_SUSPICIOUS_MOVE = YES;
				CLANG_WARN_UNGUARDED_AVAILABILITY = YES_AGGRESSIVE;
				CLANG_WARN_UNREACHABLE_CODE = YES;
				CLANG_WARN__DUPLICATE_METHOD_MATCH = YES;
				COPY_PHASE_STRIP = NO;
				DEBUG_INFORMATION_FORMAT = dwarf;
				ENABLE_STRICT_OBJC_MSGSEND = YES;
				ENABLE_TESTABILITY = YES;
				GCC_C_LANGUAGE_STANDARD = gnu11;
				GCC_DYNAMIC_NO_PIC = NO;
				GCC_NO_COMMON_BLOCKS = YES;
				GCC_OPTIMIZATION_LEVEL = 0;
				GCC_PREPROCESSOR_DEFINITIONS = (
					"DEBUG=1",
					"$(inherited)",
				);
				GCC_WARN_64_TO_32_BIT_CONVERSION = YES;
				GCC_WARN_ABOUT_RETURN_TYPE = YES_ERROR;
				GCC_WARN_UNDECLARED_SELECTOR = YES;
				GCC_WARN_UNINITIALIZED_AUTOS = YES_AGGRESSIVE;
				GCC_WARN_UNUSED_FUNCTION = YES;
				GCC_WARN_UNUSED_VARIABLE = YES;
				IPHONEOS_DEPLOYMENT_TARGET = 14.4;
				MTL_ENABLE_DEBUG_INFO = INCLUDE_SOURCE;
				MTL_FAST_MATH = YES;
				ONLY_ACTIVE_ARCH = YES;
				SDKROOT = iphoneos;
				SWIFT_ACTIVE_COMPILATION_CONDITIONS = DEBUG;
				SWIFT_OPTIMIZATION_LEVEL = "-Onone";
			};
			name = Debug;
		};
		78C9B7A42637F79B00C378CB /* Release */ = {
			isa = XCBuildConfiguration;
			buildSettings = {
				ALWAYS_SEARCH_USER_PATHS = NO;
				CLANG_ANALYZER_NONNULL = YES;
				CLANG_ANALYZER_NUMBER_OBJECT_CONVERSION = YES_AGGRESSIVE;
				CLANG_CXX_LANGUAGE_STANDARD = "gnu++14";
				CLANG_CXX_LIBRARY = "libc++";
				CLANG_ENABLE_MODULES = YES;
				CLANG_ENABLE_OBJC_ARC = YES;
				CLANG_ENABLE_OBJC_WEAK = YES;
				CLANG_WARN_BLOCK_CAPTURE_AUTORELEASING = YES;
				CLANG_WARN_BOOL_CONVERSION = YES;
				CLANG_WARN_COMMA = YES;
				CLANG_WARN_CONSTANT_CONVERSION = YES;
				CLANG_WARN_DEPRECATED_OBJC_IMPLEMENTATIONS = YES;
				CLANG_WARN_DIRECT_OBJC_ISA_USAGE = YES_ERROR;
				CLANG_WARN_DOCUMENTATION_COMMENTS = YES;
				CLANG_WARN_EMPTY_BODY = YES;
				CLANG_WARN_ENUM_CONVERSION = YES;
				CLANG_WARN_INFINITE_RECURSION = YES;
				CLANG_WARN_INT_CONVERSION = YES;
				CLANG_WARN_NON_LITERAL_NULL_CONVERSION = YES;
				CLANG_WARN_OBJC_IMPLICIT_RETAIN_SELF = YES;
				CLANG_WARN_OBJC_LITERAL_CONVERSION = YES;
				CLANG_WARN_OBJC_ROOT_CLASS = YES_ERROR;
				CLANG_WARN_QUOTED_INCLUDE_IN_FRAMEWORK_HEADER = YES;
				CLANG_WARN_RANGE_LOOP_ANALYSIS = YES;
				CLANG_WARN_STRICT_PROTOTYPES = YES;
				CLANG_WARN_SUSPICIOUS_MOVE = YES;
				CLANG_WARN_UNGUARDED_AVAILABILITY = YES_AGGRESSIVE;
				CLANG_WARN_UNREACHABLE_CODE = YES;
				CLANG_WARN__DUPLICATE_METHOD_MATCH = YES;
				COPY_PHASE_STRIP = NO;
				DEBUG_INFORMATION_FORMAT = "dwarf-with-dsym";
				ENABLE_NS_ASSERTIONS = NO;
				ENABLE_STRICT_OBJC_MSGSEND = YES;
				GCC_C_LANGUAGE_STANDARD = gnu11;
				GCC_NO_COMMON_BLOCKS = YES;
				GCC_WARN_64_TO_32_BIT_CONVERSION = YES;
				GCC_WARN_ABOUT_RETURN_TYPE = YES_ERROR;
				GCC_WARN_UNDECLARED_SELECTOR = YES;
				GCC_WARN_UNINITIALIZED_AUTOS = YES_AGGRESSIVE;
				GCC_WARN_UNUSED_FUNCTION = YES;
				GCC_WARN_UNUSED_VARIABLE = YES;
				IPHONEOS_DEPLOYMENT_TARGET = 14.4;
				MTL_ENABLE_DEBUG_INFO = NO;
				MTL_FAST_MATH = YES;
				SDKROOT = iphoneos;
				SWIFT_COMPILATION_MODE = wholemodule;
				SWIFT_OPTIMIZATION_LEVEL = "-O";
				VALIDATE_PRODUCT = YES;
			};
			name = Release;
		};
		78C9B7A62637F79B00C378CB /* Debug */ = {
			isa = XCBuildConfiguration;
			buildSettings = {
				ASSETCATALOG_COMPILER_APPICON_NAME = AppIcon;
				ASSETCATALOG_COMPILER_GLOBAL_ACCENT_COLOR_NAME = AccentColor;
				CODE_SIGN_STYLE = Automatic;
				DEVELOPMENT_ASSET_PATHS = "\"Eateries/Preview Content\"";
				ENABLE_PREVIEWS = YES;
				INFOPLIST_FILE = Eateries/Info.plist;
				IPHONEOS_DEPLOYMENT_TARGET = 14.0;
				LD_RUNPATH_SEARCH_PATHS = (
					"$(inherited)",
					"@executable_path/Frameworks",
				);
				PRODUCT_BUNDLE_IDENTIFIER = au.edu.griffith.ict.prog.Eateries;
				PRODUCT_NAME = "$(TARGET_NAME)";
				SWIFT_VERSION = 5.0;
				TARGETED_DEVICE_FAMILY = "1,2";
			};
			name = Debug;
		};
		78C9B7A72637F79B00C378CB /* Release */ = {
			isa = XCBuildConfiguration;
			buildSettings = {
				ASSETCATALOG_COMPILER_APPICON_NAME = AppIcon;
				ASSETCATALOG_COMPILER_GLOBAL_ACCENT_COLOR_NAME = AccentColor;
				CODE_SIGN_STYLE = Automatic;
				DEVELOPMENT_ASSET_PATHS = "\"Eateries/Preview Content\"";
				ENABLE_PREVIEWS = YES;
				INFOPLIST_FILE = Eateries/Info.plist;
				IPHONEOS_DEPLOYMENT_TARGET = 14.0;
				LD_RUNPATH_SEARCH_PATHS = (
					"$(inherited)",
					"@executable_path/Frameworks",
				);
				PRODUCT_BUNDLE_IDENTIFIER = au.edu.griffith.ict.prog.Eateries;
				PRODUCT_NAME = "$(TARGET_NAME)";
				SWIFT_VERSION = 5.0;
				TARGETED_DEVICE_FAMILY = "1,2";
			};
			name = Release;
		};
		78C9B7A92637F79B00C378CB /* Debug */ = {
			isa = XCBuildConfiguration;
			buildSettings = {
				ALWAYS_EMBED_SWIFT_STANDARD_LIBRARIES = YES;
				BUNDLE_LOADER = "$(TEST_HOST)";
				CODE_SIGN_STYLE = Automatic;
				INFOPLIST_FILE = EateriesTests/Info.plist;
				IPHONEOS_DEPLOYMENT_TARGET = 14.0;
				LD_RUNPATH_SEARCH_PATHS = (
					"$(inherited)",
					"@executable_path/Frameworks",
					"@loader_path/Frameworks",
				);
				PRODUCT_BUNDLE_IDENTIFIER = au.edu.griffith.ict.prog.EateriesTests;
				PRODUCT_NAME = "$(TARGET_NAME)";
				SWIFT_VERSION = 5.0;
				TARGETED_DEVICE_FAMILY = "1,2";
				TEST_HOST = "$(BUILT_PRODUCTS_DIR)/Eateries.app/Eateries";
			};
			name = Debug;
		};
		78C9B7AA2637F79B00C378CB /* Release */ = {
			isa = XCBuildConfiguration;
			buildSettings = {
				ALWAYS_EMBED_SWIFT_STANDARD_LIBRARIES = YES;
				BUNDLE_LOADER = "$(TEST_HOST)";
				CODE_SIGN_STYLE = Automatic;
				INFOPLIST_FILE = EateriesTests/Info.plist;
				IPHONEOS_DEPLOYMENT_TARGET = 14.0;
				LD_RUNPATH_SEARCH_PATHS = (
					"$(inherited)",
					"@executable_path/Frameworks",
					"@loader_path/Frameworks",
				);
				PRODUCT_BUNDLE_IDENTIFIER = au.edu.griffith.ict.prog.EateriesTests;
				PRODUCT_NAME = "$(TARGET_NAME)";
				SWIFT_VERSION = 5.0;
				TARGETED_DEVICE_FAMILY = "1,2";
				TEST_HOST = "$(BUILT_PRODUCTS_DIR)/Eateries.app/Eateries";
			};
			name = Release;
		};
		78C9B7AC2637F79B00C378CB /* Debug */ = {
			isa = XCBuildConfiguration;
			buildSettings = {
				ALWAYS_EMBED_SWIFT_STANDARD_LIBRARIES = YES;
				CODE_SIGN_STYLE = Automatic;
				INFOPLIST_FILE = EateriesUITests/Info.plist;
				LD_RUNPATH_SEARCH_PATHS = (
					"$(inherited)",
					"@executable_path/Frameworks",
					"@loader_path/Frameworks",
				);
				PRODUCT_BUNDLE_IDENTIFIER = au.edu.griffith.ict.prog.EateriesUITests;
				PRODUCT_NAME = "$(TARGET_NAME)";
				SWIFT_VERSION = 5.0;
				TARGETED_DEVICE_FAMILY = "1,2";
				TEST_TARGET_NAME = Eateries;
			};
			name = Debug;
		};
		78C9B7AD2637F79B00C378CB /* Release */ = {
			isa = XCBuildConfiguration;
			buildSettings = {
				ALWAYS_EMBED_SWIFT_STANDARD_LIBRARIES = YES;
				CODE_SIGN_STYLE = Automatic;
				INFOPLIST_FILE = EateriesUITests/Info.plist;
				LD_RUNPATH_SEARCH_PATHS = (
					"$(inherited)",
					"@executable_path/Frameworks",
					"@loader_path/Frameworks",
				);
				PRODUCT_BUNDLE_IDENTIFIER = au.edu.griffith.ict.prog.EateriesUITests;
				PRODUCT_NAME = "$(TARGET_NAME)";
				SWIFT_VERSION = 5.0;
				TARGETED_DEVICE_FAMILY = "1,2";
				TEST_TARGET_NAME = Eateries;
			};
			name = Release;
		};
/* End XCBuildConfiguration section */

/* Begin XCConfigurationList section */
		78AB38FB2647F94C003D60BF /* Build configuration list for PBXNativeTarget "EateriesCoreData" */ = {
			isa = XCConfigurationList;
			buildConfigurations = (
				78AB38F52647F94C003D60BF /* Debug */,
				78AB38F62647F94C003D60BF /* Release */,
			);
			defaultConfigurationIsVisible = 0;
			defaultConfigurationName = Release;
		};
		78AB38FC2647F94C003D60BF /* Build configuration list for PBXNativeTarget "EateriesCoreDataTests" */ = {
			isa = XCConfigurationList;
			buildConfigurations = (
				78AB38F72647F94C003D60BF /* Debug */,
				78AB38F82647F94C003D60BF /* Release */,
			);
			defaultConfigurationIsVisible = 0;
			defaultConfigurationName = Release;
		};
		78AB38FD2647F94C003D60BF /* Build configuration list for PBXNativeTarget "EateriesCoreDataUITests" */ = {
			isa = XCConfigurationList;
			buildConfigurations = (
				78AB38F92647F94C003D60BF /* Debug */,
				78AB38FA2647F94C003D60BF /* Release */,
			);
			defaultConfigurationIsVisible = 0;
			defaultConfigurationName = Release;
		};
		78C9B77B2637F79900C378CB /* Build configuration list for PBXProject "Eateries" */ = {
			isa = XCConfigurationList;
			buildConfigurations = (
				78C9B7A32637F79B00C378CB /* Debug */,
				78C9B7A42637F79B00C378CB /* Release */,
			);
			defaultConfigurationIsVisible = 0;
			defaultConfigurationName = Release;
		};
		78C9B7A52637F79B00C378CB /* Build configuration list for PBXNativeTarget "Eateries" */ = {
			isa = XCConfigurationList;
			buildConfigurations = (
				78C9B7A62637F79B00C378CB /* Debug */,
				78C9B7A72637F79B00C378CB /* Release */,
			);
			defaultConfigurationIsVisible = 0;
			defaultConfigurationName = Release;
		};
		78C9B7A82637F79B00C378CB /* Build configuration list for PBXNativeTarget "EateriesTests" */ = {
			isa = XCConfigurationList;
			buildConfigurations = (
				78C9B7A92637F79B00C378CB /* Debug */,
				78C9B7AA2637F79B00C378CB /* Release */,
			);
			defaultConfigurationIsVisible = 0;
			defaultConfigurationName = Release;
		};
		78C9B7AB2637F79B00C378CB /* Build configuration list for PBXNativeTarget "EateriesUITests" */ = {
			isa = XCConfigurationList;
			buildConfigurations = (
				78C9B7AC2637F79B00C378CB /* Debug */,
				78C9B7AD2637F79B00C378CB /* Release */,
			);
			defaultConfigurationIsVisible = 0;
			defaultConfigurationName = Release;
		};
/* End XCConfigurationList section */

/* Begin XCVersionGroup section */
		78AB38DB2647F94C003D60BF /* EateriesCoreData.xcdatamodeld */ = {
			isa = XCVersionGroup;
			children = (
				78AB38DC2647F94C003D60BF /* EateriesCoreData.xcdatamodel */,
			);
			currentVersion = 78AB38DC2647F94C003D60BF /* EateriesCoreData.xcdatamodel */;
			path = EateriesCoreData.xcdatamodeld;
			sourceTree = "<group>";
			versionGroupType = wrapper.xcdatamodel;
		};
/* End XCVersionGroup section */
	};
	rootObject = 78C9B7782637F79900C378CB /* Project object */;
}
